{
    "_readme": [
        "This file locks the dependencies of your project to a known state",
        "Read more about it at http://getcomposer.org/doc/01-basic-usage.md#composer-lock-the-lock-file",
        "This file is @generated automatically"
    ],
    "hash": "9b681a093896450da3ae5410cc3235fa",
    "packages": [
        {
            "name": "kanti/hub-updater",
            "version": "dev-master",
            "source": {
                "type": "git",
                "url": "https://github.com/Kanti/hub-updater.git",
                "reference": "7fe0523cae0bd9c26f04a3b564e49ef309bbb7bc"
            },
            "dist": {
                "type": "zip",
                "url": "https://api.github.com/repos/Kanti/hub-updater/zipball/7fe0523cae0bd9c26f04a3b564e49ef309bbb7bc",
                "reference": "7fe0523cae0bd9c26f04a3b564e49ef309bbb7bc",
                "shasum": ""
            },
            "require": {
                "php": ">=5.4.0"
            },
            "type": "library",
            "autoload": {
                "psr-4": {
                    "Kanti\\": ""
                }
            },
            "notification-url": "https://packagist.org/downloads/",
            "license": [
                "GPL-2.0"
            ],
            "authors": [
                {
                    "name": "Kanti",
                    "email": "git@kanti.de",
                    "homepage": "https://kanti.de",
                    "role": "Developer"
                }
            ],
            "description": "Simple Github Updater for Web Projects [PHP]",
            "time": "2014-10-31 17:54:27"
        }
    ],
    "packages-dev": [],
    "aliases": [],
    "minimum-stability": "stable",
    "stability-flags": {
        "kanti/hub-updater": 20
    },
    "prefer-stable": false,
    "platform": [],
    "platform-dev": []
}
